
Microsoft Visual Studio Solution File, Format Version 12.00
# Visual Studio Version 17
VisualStudioVersion = 17.7.34009.444
MinimumVisualStudioVersion = 10.0.40219.1
Project("{FAE04EC0-301F-11D3-BF4B-00C04F79EFBC}") = "GymFitnessCenter", "GymFitnessCenter\GymFitnessCenter.csproj", "{4435BDCB-8E1B-45F6-A1C0-745C70AF24B4}"
EndProject
Global
	GlobalSection(SolutionConfigurationPlatforms) = preSolution
		Debug|Any CPU = Debug|Any CPU
		Release|Any CPU = Release|Any CPU
	EndGlobalSection
	GlobalSection(ProjectConfigurationPlatforms) = postSolution
		{4435BDCB-8E1B-45F6-A1C0-745C70AF24B4}.Debug|Any CPU.ActiveCfg = Debug|Any CPU
		{4435BDCB-8E1B-45F6-A1C0-745C70AF24B4}.Debug|Any CPU.Build.0 = Debug|Any CPU
		{4435BDCB-8E1B-45F6-A1C0-745C70AF24B4}.Release|Any CPU.ActiveCfg = Release|Any CPU
		{4435BDCB-8E1B-45F6-A1C0-745C70AF24B4}.Release|Any CPU.Build.0 = Release|Any CPU
	EndGlobalSection
	GlobalSection(SolutionProperties) = preSolution
		HideSolutionNode = FALSE
	EndGlobalSection
	GlobalSection(ExtensibilityGlobals) = postSolution
		SolutionGuid = {8E651AD5-2ED1-407A-B1BA-391938CF94EF}
	EndGlobalSection
EndGlobal
